
Microsoft Visual Studio Solution File, Format Version 12.00
# Visual Studio Version 16
VisualStudioVersion = 16.0.32002.261
MinimumVisualStudioVersion = 10.0.40219.1
Project("{FAE04EC0-301F-11D3-BF4B-00C04F79EFBC}") = "TwoMinutes", "TwoMinutes\TwoMinutes.csproj", "{49884AAF-0CFD-488A-8EBB-5EA1673534B8}"
EndProject
Project("{FAE04EC0-301F-11D3-BF4B-00C04F79EFBC}") = "Time", "Time\Time.csproj", "{A3921C27-AED3-4978-89C6-9CE3703B59E9}"
EndProject
Project("{FAE04EC0-301F-11D3-BF4B-00C04F79EFBC}") = "StoryTelling", "StoryTelling\StoryTelling.csproj", "{ABC3F307-E2CE-468C-9FAD-BACA19490505}"
EndProject
Global
	GlobalSection(SolutionConfigurationPlatforms) = preSolution
		Debug|Any CPU = Debug|Any CPU
		Release|Any CPU = Release|Any CPU
	EndGlobalSection
	GlobalSection(ProjectConfigurationPlatforms) = postSolution
		{49884AAF-0CFD-488A-8EBB-5EA1673534B8}.Debug|Any CPU.ActiveCfg = Debug|Any CPU
		{49884AAF-0CFD-488A-8EBB-5EA1673534B8}.Debug|Any CPU.Build.0 = Debug|Any CPU
		{49884AAF-0CFD-488A-8EBB-5EA1673534B8}.Release|Any CPU.ActiveCfg = Release|Any CPU
		{49884AAF-0CFD-488A-8EBB-5EA1673534B8}.Release|Any CPU.Build.0 = Release|Any CPU
		{A3921C27-AED3-4978-89C6-9CE3703B59E9}.Debug|Any CPU.ActiveCfg = Debug|Any CPU
		{A3921C27-AED3-4978-89C6-9CE3703B59E9}.Debug|Any CPU.Build.0 = Debug|Any CPU
		{A3921C27-AED3-4978-89C6-9CE3703B59E9}.Release|Any CPU.ActiveCfg = Release|Any CPU
		{A3921C27-AED3-4978-89C6-9CE3703B59E9}.Release|Any CPU.Build.0 = Release|Any CPU
		{ABC3F307-E2CE-468C-9FAD-BACA19490505}.Debug|Any CPU.ActiveCfg = Debug|Any CPU
		{ABC3F307-E2CE-468C-9FAD-BACA19490505}.Debug|Any CPU.Build.0 = Debug|Any CPU
		{ABC3F307-E2CE-468C-9FAD-BACA19490505}.Release|Any CPU.ActiveCfg = Release|Any CPU
		{ABC3F307-E2CE-468C-9FAD-BACA19490505}.Release|Any CPU.Build.0 = Release|Any CPU
	EndGlobalSection
	GlobalSection(SolutionProperties) = preSolution
		HideSolutionNode = FALSE
	EndGlobalSection
	GlobalSection(ExtensibilityGlobals) = postSolution
		SolutionGuid = {7DEFCAF6-F3BC-4FC2-B513-3C467C072FCF}
	EndGlobalSection
EndGlobal
