
Microsoft Visual Studio Solution File, Format Version 12.00
# Visual Studio Version 16
VisualStudioVersion = 16.0.31829.152
MinimumVisualStudioVersion = 10.0.40219.1
Project("{9A19103F-16F7-4668-BE54-9A1E7A4F7556}") = "Searching-Sorting", "Searching-Sorting\Searching-Sorting.csproj", "{F9559A45-7224-4FA1-B94B-7249E5E70779}"
EndProject
Project("{9A19103F-16F7-4668-BE54-9A1E7A4F7556}") = "SelectionSort", "SelectionSort\SelectionSort.csproj", "{D073A4F1-D8D2-4C2A-91A3-585409ABB33A}"
EndProject
Project("{9A19103F-16F7-4668-BE54-9A1E7A4F7556}") = "BubbleSort", "BubbleSort\BubbleSort.csproj", "{98E6DBD4-BB9D-4C94-AB4A-F22E3BDAF189}"
EndProject
Project("{9A19103F-16F7-4668-BE54-9A1E7A4F7556}") = "InsertionSort", "InsertionSort\InsertionSort.csproj", "{CC850608-B70A-4DA5-9749-C2820D57D304}"
EndProject
Project("{9A19103F-16F7-4668-BE54-9A1E7A4F7556}") = "QuickSort", "QuickSort\QuickSort.csproj", "{E956F541-A6AB-44EF-936C-5D8C385654BA}"
EndProject
Project("{9A19103F-16F7-4668-BE54-9A1E7A4F7556}") = "MergeSort", "MergeSort\MergeSort.csproj", "{5E3071DE-DECF-4600-8F56-AE223080C55E}"
EndProject
Project("{FAE04EC0-301F-11D3-BF4B-00C04F79EFBC}") = "CoinSum", "CoinSum\CoinSum.csproj", "{94FA91A2-2471-47DF-BA19-9BB015263167}"
EndProject
Project("{FAE04EC0-301F-11D3-BF4B-00C04F79EFBC}") = "SetCover", "SetCover\SetCover.csproj", "{78FFB07F-5C5E-4D2A-9D7D-306AB40C3029}"
EndProject
Global
	GlobalSection(SolutionConfigurationPlatforms) = preSolution
		Debug|Any CPU = Debug|Any CPU
		Release|Any CPU = Release|Any CPU
	EndGlobalSection
	GlobalSection(ProjectConfigurationPlatforms) = postSolution
		{F9559A45-7224-4FA1-B94B-7249E5E70779}.Debug|Any CPU.ActiveCfg = Debug|Any CPU
		{F9559A45-7224-4FA1-B94B-7249E5E70779}.Debug|Any CPU.Build.0 = Debug|Any CPU
		{F9559A45-7224-4FA1-B94B-7249E5E70779}.Release|Any CPU.ActiveCfg = Release|Any CPU
		{F9559A45-7224-4FA1-B94B-7249E5E70779}.Release|Any CPU.Build.0 = Release|Any CPU
		{D073A4F1-D8D2-4C2A-91A3-585409ABB33A}.Debug|Any CPU.ActiveCfg = Debug|Any CPU
		{D073A4F1-D8D2-4C2A-91A3-585409ABB33A}.Debug|Any CPU.Build.0 = Debug|Any CPU
		{D073A4F1-D8D2-4C2A-91A3-585409ABB33A}.Release|Any CPU.ActiveCfg = Release|Any CPU
		{D073A4F1-D8D2-4C2A-91A3-585409ABB33A}.Release|Any CPU.Build.0 = Release|Any CPU
		{98E6DBD4-BB9D-4C94-AB4A-F22E3BDAF189}.Debug|Any CPU.ActiveCfg = Debug|Any CPU
		{98E6DBD4-BB9D-4C94-AB4A-F22E3BDAF189}.Debug|Any CPU.Build.0 = Debug|Any CPU
		{98E6DBD4-BB9D-4C94-AB4A-F22E3BDAF189}.Release|Any CPU.ActiveCfg = Release|Any CPU
		{98E6DBD4-BB9D-4C94-AB4A-F22E3BDAF189}.Release|Any CPU.Build.0 = Release|Any CPU
		{CC850608-B70A-4DA5-9749-C2820D57D304}.Debug|Any CPU.ActiveCfg = Debug|Any CPU
		{CC850608-B70A-4DA5-9749-C2820D57D304}.Debug|Any CPU.Build.0 = Debug|Any CPU
		{CC850608-B70A-4DA5-9749-C2820D57D304}.Release|Any CPU.ActiveCfg = Release|Any CPU
		{CC850608-B70A-4DA5-9749-C2820D57D304}.Release|Any CPU.Build.0 = Release|Any CPU
		{E956F541-A6AB-44EF-936C-5D8C385654BA}.Debug|Any CPU.ActiveCfg = Debug|Any CPU
		{E956F541-A6AB-44EF-936C-5D8C385654BA}.Debug|Any CPU.Build.0 = Debug|Any CPU
		{E956F541-A6AB-44EF-936C-5D8C385654BA}.Release|Any CPU.ActiveCfg = Release|Any CPU
		{E956F541-A6AB-44EF-936C-5D8C385654BA}.Release|Any CPU.Build.0 = Release|Any CPU
		{5E3071DE-DECF-4600-8F56-AE223080C55E}.Debug|Any CPU.ActiveCfg = Debug|Any CPU
		{5E3071DE-DECF-4600-8F56-AE223080C55E}.Debug|Any CPU.Build.0 = Debug|Any CPU
		{5E3071DE-DECF-4600-8F56-AE223080C55E}.Release|Any CPU.ActiveCfg = Release|Any CPU
		{5E3071DE-DECF-4600-8F56-AE223080C55E}.Release|Any CPU.Build.0 = Release|Any CPU
		{94FA91A2-2471-47DF-BA19-9BB015263167}.Debug|Any CPU.ActiveCfg = Debug|Any CPU
		{94FA91A2-2471-47DF-BA19-9BB015263167}.Debug|Any CPU.Build.0 = Debug|Any CPU
		{94FA91A2-2471-47DF-BA19-9BB015263167}.Release|Any CPU.ActiveCfg = Release|Any CPU
		{94FA91A2-2471-47DF-BA19-9BB015263167}.Release|Any CPU.Build.0 = Release|Any CPU
		{78FFB07F-5C5E-4D2A-9D7D-306AB40C3029}.Debug|Any CPU.ActiveCfg = Debug|Any CPU
		{78FFB07F-5C5E-4D2A-9D7D-306AB40C3029}.Debug|Any CPU.Build.0 = Debug|Any CPU
		{78FFB07F-5C5E-4D2A-9D7D-306AB40C3029}.Release|Any CPU.ActiveCfg = Release|Any CPU
		{78FFB07F-5C5E-4D2A-9D7D-306AB40C3029}.Release|Any CPU.Build.0 = Release|Any CPU
	EndGlobalSection
	GlobalSection(SolutionProperties) = preSolution
		HideSolutionNode = FALSE
	EndGlobalSection
	GlobalSection(ExtensibilityGlobals) = postSolution
		SolutionGuid = {9EF4C57F-9173-4D60-8906-92D2F3115014}
	EndGlobalSection
EndGlobal
