
Microsoft Visual Studio Solution File, Format Version 12.00
# Visual Studio Version 16
VisualStudioVersion = 16.0.31829.152
MinimumVisualStudioVersion = 10.0.40219.1
Project("{FAE04EC0-301F-11D3-BF4B-00C04F79EFBC}") = "CombinatorialProblems", "CombinatorialProblems\CombinatorialProblems.csproj", "{0B6B1712-A741-4280-A1A8-8126FED81D02}"
EndProject
Project("{FAE04EC0-301F-11D3-BF4B-00C04F79EFBC}") = "1.PermutationsWithoutRepetitions", "1.PermutationsWithoutRepetitions\1.PermutationsWithoutRepetitions.csproj", "{47FC9EF2-C0E9-456D-A089-BDB023037049}"
EndProject
Global
	GlobalSection(SolutionConfigurationPlatforms) = preSolution
		Debug|Any CPU = Debug|Any CPU
		Release|Any CPU = Release|Any CPU
	EndGlobalSection
	GlobalSection(ProjectConfigurationPlatforms) = postSolution
		{0B6B1712-A741-4280-A1A8-8126FED81D02}.Debug|Any CPU.ActiveCfg = Debug|Any CPU
		{0B6B1712-A741-4280-A1A8-8126FED81D02}.Debug|Any CPU.Build.0 = Debug|Any CPU
		{0B6B1712-A741-4280-A1A8-8126FED81D02}.Release|Any CPU.ActiveCfg = Release|Any CPU
		{0B6B1712-A741-4280-A1A8-8126FED81D02}.Release|Any CPU.Build.0 = Release|Any CPU
		{47FC9EF2-C0E9-456D-A089-BDB023037049}.Debug|Any CPU.ActiveCfg = Debug|Any CPU
		{47FC9EF2-C0E9-456D-A089-BDB023037049}.Debug|Any CPU.Build.0 = Debug|Any CPU
		{47FC9EF2-C0E9-456D-A089-BDB023037049}.Release|Any CPU.ActiveCfg = Release|Any CPU
		{47FC9EF2-C0E9-456D-A089-BDB023037049}.Release|Any CPU.Build.0 = Release|Any CPU
	EndGlobalSection
	GlobalSection(SolutionProperties) = preSolution
		HideSolutionNode = FALSE
	EndGlobalSection
	GlobalSection(ExtensibilityGlobals) = postSolution
		SolutionGuid = {B7BD68B9-6BF1-403E-8DF5-4F0E88EE83BB}
	EndGlobalSection
EndGlobal
