
Microsoft Visual Studio Solution File, Format Version 12.00
# Visual Studio Version 16
VisualStudioVersion = 16.0.31829.152
MinimumVisualStudioVersion = 10.0.40219.1
Project("{9A19103F-16F7-4668-BE54-9A1E7A4F7556}") = "CombinatorialProblems", "CombinatorialProblems\CombinatorialProblems.csproj", "{0B6B1712-A741-4280-A1A8-8126FED81D02}"
EndProject
Project("{9A19103F-16F7-4668-BE54-9A1E7A4F7556}") = "1.PermutationsWithoutRepetitions", "1.PermutationsWithoutRepetitions\1.PermutationsWithoutRepetitions.csproj", "{47FC9EF2-C0E9-456D-A089-BDB023037049}"
EndProject
Project("{9A19103F-16F7-4668-BE54-9A1E7A4F7556}") = "2.PermutationsWithRepetition", "2.PermutationsWithRepetition\2.PermutationsWithRepetition.csproj", "{B2202D7C-C812-4DC2-AEF9-3F7120F1357D}"
EndProject
Project("{9A19103F-16F7-4668-BE54-9A1E7A4F7556}") = "3.VariationsWithoutRepetition", "3.VariationsWithoutRepetition\3.VariationsWithoutRepetition.csproj", "{9F203345-E4FD-48D6-8526-105ACA1719C9}"
EndProject
Project("{FAE04EC0-301F-11D3-BF4B-00C04F79EFBC}") = "4.VariationsWithRepetition", "4.VariationsWithRepetition\4.VariationsWithRepetition.csproj", "{A654444E-7A3E-4DF7-A927-6402614CC487}"
EndProject
Project("{FAE04EC0-301F-11D3-BF4B-00C04F79EFBC}") = "5.CombinationsWithoutRepetition", "5.CombinationsWithoutRepetition\5.CombinationsWithoutRepetition.csproj", "{72A3138C-52FB-418B-B0BF-E62E49138A24}"
EndProject
Project("{FAE04EC0-301F-11D3-BF4B-00C04F79EFBC}") = "6.CombinationsWithRepetition", "6.CombinationsWithRepetition\6.CombinationsWithRepetition.csproj", "{367F3E4F-1003-4A2A-97AD-455B792C0576}"
EndProject
Project("{FAE04EC0-301F-11D3-BF4B-00C04F79EFBC}") = "7.NChooseKCount", "7.NChooseKCount\7.NChooseKCount.csproj", "{F4065529-5205-4DBA-A6ED-845E9987DB21}"
EndProject
Global
	GlobalSection(SolutionConfigurationPlatforms) = preSolution
		Debug|Any CPU = Debug|Any CPU
		Release|Any CPU = Release|Any CPU
	EndGlobalSection
	GlobalSection(ProjectConfigurationPlatforms) = postSolution
		{0B6B1712-A741-4280-A1A8-8126FED81D02}.Debug|Any CPU.ActiveCfg = Debug|Any CPU
		{0B6B1712-A741-4280-A1A8-8126FED81D02}.Debug|Any CPU.Build.0 = Debug|Any CPU
		{0B6B1712-A741-4280-A1A8-8126FED81D02}.Release|Any CPU.ActiveCfg = Release|Any CPU
		{0B6B1712-A741-4280-A1A8-8126FED81D02}.Release|Any CPU.Build.0 = Release|Any CPU
		{47FC9EF2-C0E9-456D-A089-BDB023037049}.Debug|Any CPU.ActiveCfg = Debug|Any CPU
		{47FC9EF2-C0E9-456D-A089-BDB023037049}.Debug|Any CPU.Build.0 = Debug|Any CPU
		{47FC9EF2-C0E9-456D-A089-BDB023037049}.Release|Any CPU.ActiveCfg = Release|Any CPU
		{47FC9EF2-C0E9-456D-A089-BDB023037049}.Release|Any CPU.Build.0 = Release|Any CPU
		{B2202D7C-C812-4DC2-AEF9-3F7120F1357D}.Debug|Any CPU.ActiveCfg = Debug|Any CPU
		{B2202D7C-C812-4DC2-AEF9-3F7120F1357D}.Debug|Any CPU.Build.0 = Debug|Any CPU
		{B2202D7C-C812-4DC2-AEF9-3F7120F1357D}.Release|Any CPU.ActiveCfg = Release|Any CPU
		{B2202D7C-C812-4DC2-AEF9-3F7120F1357D}.Release|Any CPU.Build.0 = Release|Any CPU
		{9F203345-E4FD-48D6-8526-105ACA1719C9}.Debug|Any CPU.ActiveCfg = Debug|Any CPU
		{9F203345-E4FD-48D6-8526-105ACA1719C9}.Debug|Any CPU.Build.0 = Debug|Any CPU
		{9F203345-E4FD-48D6-8526-105ACA1719C9}.Release|Any CPU.ActiveCfg = Release|Any CPU
		{9F203345-E4FD-48D6-8526-105ACA1719C9}.Release|Any CPU.Build.0 = Release|Any CPU
		{A654444E-7A3E-4DF7-A927-6402614CC487}.Debug|Any CPU.ActiveCfg = Debug|Any CPU
		{A654444E-7A3E-4DF7-A927-6402614CC487}.Debug|Any CPU.Build.0 = Debug|Any CPU
		{A654444E-7A3E-4DF7-A927-6402614CC487}.Release|Any CPU.ActiveCfg = Release|Any CPU
		{A654444E-7A3E-4DF7-A927-6402614CC487}.Release|Any CPU.Build.0 = Release|Any CPU
		{72A3138C-52FB-418B-B0BF-E62E49138A24}.Debug|Any CPU.ActiveCfg = Debug|Any CPU
		{72A3138C-52FB-418B-B0BF-E62E49138A24}.Debug|Any CPU.Build.0 = Debug|Any CPU
		{72A3138C-52FB-418B-B0BF-E62E49138A24}.Release|Any CPU.ActiveCfg = Release|Any CPU
		{72A3138C-52FB-418B-B0BF-E62E49138A24}.Release|Any CPU.Build.0 = Release|Any CPU
		{367F3E4F-1003-4A2A-97AD-455B792C0576}.Debug|Any CPU.ActiveCfg = Debug|Any CPU
		{367F3E4F-1003-4A2A-97AD-455B792C0576}.Debug|Any CPU.Build.0 = Debug|Any CPU
		{367F3E4F-1003-4A2A-97AD-455B792C0576}.Release|Any CPU.ActiveCfg = Release|Any CPU
		{367F3E4F-1003-4A2A-97AD-455B792C0576}.Release|Any CPU.Build.0 = Release|Any CPU
		{F4065529-5205-4DBA-A6ED-845E9987DB21}.Debug|Any CPU.ActiveCfg = Debug|Any CPU
		{F4065529-5205-4DBA-A6ED-845E9987DB21}.Debug|Any CPU.Build.0 = Debug|Any CPU
		{F4065529-5205-4DBA-A6ED-845E9987DB21}.Release|Any CPU.ActiveCfg = Release|Any CPU
		{F4065529-5205-4DBA-A6ED-845E9987DB21}.Release|Any CPU.Build.0 = Release|Any CPU
	EndGlobalSection
	GlobalSection(SolutionProperties) = preSolution
		HideSolutionNode = FALSE
	EndGlobalSection
	GlobalSection(ExtensibilityGlobals) = postSolution
		SolutionGuid = {B7BD68B9-6BF1-403E-8DF5-4F0E88EE83BB}
	EndGlobalSection
EndGlobal
