
Microsoft Visual Studio Solution File, Format Version 12.00
# Visual Studio Version 16
VisualStudioVersion = 16.0.31829.152
MinimumVisualStudioVersion = 10.0.40219.1
Project("{FAE04EC0-301F-11D3-BF4B-00C04F79EFBC}") = "RecursiveFibonacci", "Recursion and Backtracking\RecursiveFibonacci.csproj", "{9A988877-FF5D-430E-8427-147D1D7029C8}"
EndProject
Project("{FAE04EC0-301F-11D3-BF4B-00C04F79EFBC}") = "8Queens", "8Queens\8Queens.csproj", "{DC39EFC8-5E1E-4A0A-868F-0546A7691FD1}"
EndProject
Project("{FAE04EC0-301F-11D3-BF4B-00C04F79EFBC}") = "AllPathsInALabyrinth", "AllPathsInALabyrinth\AllPathsInALabyrinth.csproj", "{6EC88B25-BBDE-44FA-8E35-C9CE47E4FF61}"
EndProject
Global
	GlobalSection(SolutionConfigurationPlatforms) = preSolution
		Debug|Any CPU = Debug|Any CPU
		Release|Any CPU = Release|Any CPU
	EndGlobalSection
	GlobalSection(ProjectConfigurationPlatforms) = postSolution
		{9A988877-FF5D-430E-8427-147D1D7029C8}.Debug|Any CPU.ActiveCfg = Debug|Any CPU
		{9A988877-FF5D-430E-8427-147D1D7029C8}.Debug|Any CPU.Build.0 = Debug|Any CPU
		{9A988877-FF5D-430E-8427-147D1D7029C8}.Release|Any CPU.ActiveCfg = Release|Any CPU
		{9A988877-FF5D-430E-8427-147D1D7029C8}.Release|Any CPU.Build.0 = Release|Any CPU
		{DC39EFC8-5E1E-4A0A-868F-0546A7691FD1}.Debug|Any CPU.ActiveCfg = Debug|Any CPU
		{DC39EFC8-5E1E-4A0A-868F-0546A7691FD1}.Debug|Any CPU.Build.0 = Debug|Any CPU
		{DC39EFC8-5E1E-4A0A-868F-0546A7691FD1}.Release|Any CPU.ActiveCfg = Release|Any CPU
		{DC39EFC8-5E1E-4A0A-868F-0546A7691FD1}.Release|Any CPU.Build.0 = Release|Any CPU
		{6EC88B25-BBDE-44FA-8E35-C9CE47E4FF61}.Debug|Any CPU.ActiveCfg = Debug|Any CPU
		{6EC88B25-BBDE-44FA-8E35-C9CE47E4FF61}.Debug|Any CPU.Build.0 = Debug|Any CPU
		{6EC88B25-BBDE-44FA-8E35-C9CE47E4FF61}.Release|Any CPU.ActiveCfg = Release|Any CPU
		{6EC88B25-BBDE-44FA-8E35-C9CE47E4FF61}.Release|Any CPU.Build.0 = Release|Any CPU
	EndGlobalSection
	GlobalSection(SolutionProperties) = preSolution
		HideSolutionNode = FALSE
	EndGlobalSection
	GlobalSection(ExtensibilityGlobals) = postSolution
		SolutionGuid = {53FB61AA-0F5C-4B74-933E-7C3DDB3C3455}
	EndGlobalSection
EndGlobal
